
Microsoft Visual Studio Solution File, Format Version 12.00
# Visual Studio 14
VisualStudioVersion = 14.0.23107.0
MinimumVisualStudioVersion = 10.0.40219.1
Project("{2150E333-8FDC-42A3-9474-1A3956D46DE8}") = "src", "src", "{D27C05E8-10C0-4881-9E77-8BA14DC4D415}"
EndProject
Project("{2150E333-8FDC-42A3-9474-1A3956D46DE8}") = "Solution Items", "Solution Items", "{150AC952-DE54-418D-B81D-F5E0A2F33314}"
	ProjectSection(SolutionItems) = preProject
		global.json = global.json
	EndProjectSection
EndProject
Project("{8BB2217D-0F2D-49D1-97BC-3654ED321F3B}") = "ProcuraDesconto", "src\ProcuraDesconto\ProcuraDesconto.xproj", "{A6BB9723-5811-4F86-91A8-754E369F7B81}"
EndProject
Global
	GlobalSection(SolutionConfigurationPlatforms) = preSolution
		Debug|Any CPU = Debug|Any CPU
		Release|Any CPU = Release|Any CPU
	EndGlobalSection
	GlobalSection(ProjectConfigurationPlatforms) = postSolution
		{A6BB9723-5811-4F86-91A8-754E369F7B81}.Debug|Any CPU.ActiveCfg = Debug|Any CPU
		{A6BB9723-5811-4F86-91A8-754E369F7B81}.Debug|Any CPU.Build.0 = Debug|Any CPU
		{A6BB9723-5811-4F86-91A8-754E369F7B81}.Release|Any CPU.ActiveCfg = Release|Any CPU
		{A6BB9723-5811-4F86-91A8-754E369F7B81}.Release|Any CPU.Build.0 = Release|Any CPU
	EndGlobalSection
	GlobalSection(SolutionProperties) = preSolution
		HideSolutionNode = FALSE
	EndGlobalSection
	GlobalSection(NestedProjects) = preSolution
		{A6BB9723-5811-4F86-91A8-754E369F7B81} = {D27C05E8-10C0-4881-9E77-8BA14DC4D415}
	EndGlobalSection
EndGlobal
